// !$*UTF8*$!
{
	archiveVersion = 1;
	classes = {
	};
	objectVersion = 56;
	objects = {

/* Begin PBXBuildFile section */
		30272C912E81998F00BACF01 /* ProjectViews.swift in Sources */ = {isa = PBXBuildFile; fileRef = 30272C902E81998F00BACF01 /* ProjectViews.swift */; };
		30272C932E8199AE00BACF01 /* PostmanViews.swift in Sources */ = {isa = PBXBuildFile; fileRef = 30272C922E8199AE00BACF01 /* PostmanViews.swift */; };
		30272C952E8199D100BACF01 /* EnvironmentViews.swift in Sources */ = {isa = PBXBuildFile; fileRef = 30272C942E8199D100BACF01 /* EnvironmentViews.swift */; };
		3070A2002E80C18000802515 /* PostmanLikeApp.swift in Sources */ = {isa = PBXBuildFile; fileRef = 3070A1FF2E80C18000802515 /* PostmanLikeApp.swift */; };
		3070A2022E80C18000802515 /* ContentView.swift in Sources */ = {isa = PBXBuildFile; fileRef = 3070A2012E80C18000802515 /* ContentView.swift */; };
		3070A2042E80C18100802515 /* Assets.xcassets in Resources */ = {isa = PBXBuildFile; fileRef = 3070A2032E80C18100802515 /* Assets.xcassets */; };
		3070A2072E80C18100802515 /* Preview Assets.xcassets in Resources */ = {isa = PBXBuildFile; fileRef = 3070A2062E80C18100802515 /* Preview Assets.xcassets */; };
		3070A20F2E80C19000802515 /* Models.swift in Sources */ = {isa = PBXBuildFile; fileRef = 3070A20E2E80C19000802515 /* Models.swift */; };
		3070A2112E80C1AA00802515 /* AppState.swift in Sources */ = {isa = PBXBuildFile; fileRef = 3070A2102E80C1AA00802515 /* AppState.swift */; };
		3070A2132E80C1EA00802515 /* SidebarView.swift in Sources */ = {isa = PBXBuildFile; fileRef = 3070A2122E80C1EA00802515 /* SidebarView.swift */; };
		3070A2152E80C20300802515 /* RequestView.swift in Sources */ = {isa = PBXBuildFile; fileRef = 3070A2142E80C20300802515 /* RequestView.swift */; };
		3070A2172E80C21600802515 /* ResponseView.swift in Sources */ = {isa = PBXBuildFile; fileRef = 3070A2162E80C21600802515 /* ResponseView.swift */; };
		3070A21D2E80C23600802517 /* EnvironmentView.swift in Sources */ = {isa = PBXBuildFile; fileRef = 3070A21C2E80C23600802516 /* EnvironmentView.swift */; };
		3070A21F2E80C23600802519 /* MainView.swift in Sources */ = {isa = PBXBuildFile; fileRef = 3070A21E2E80C23600802518 /* MainView.swift */; };
/* End PBXBuildFile section */

/* Begin PBXFileReference section */
		30272C902E81998F00BACF01 /* ProjectViews.swift */ = {isa = PBXFileReference; lastKnownFileType = sourcecode.swift; path = ProjectViews.swift; sourceTree = "<group>"; };
		30272C922E8199AE00BACF01 /* PostmanViews.swift */ = {isa = PBXFileReference; lastKnownFileType = sourcecode.swift; path = PostmanViews.swift; sourceTree = "<group>"; };
		30272C942E8199D100BACF01 /* EnvironmentViews.swift */ = {isa = PBXFileReference; lastKnownFileType = sourcecode.swift; path = EnvironmentViews.swift; sourceTree = "<group>"; };
		3070A1FC2E80C18000802515 /* PostmanLike.app */ = {isa = PBXFileReference; explicitFileType = wrapper.application; includeInIndex = 0; path = PostmanLike.app; sourceTree = BUILT_PRODUCTS_DIR; };
		3070A1FF2E80C18000802515 /* PostmanLikeApp.swift */ = {isa = PBXFileReference; lastKnownFileType = sourcecode.swift; path = PostmanLikeApp.swift; sourceTree = "<group>"; };
		3070A2012E80C18000802515 /* ContentView.swift */ = {isa = PBXFileReference; lastKnownFileType = sourcecode.swift; path = ContentView.swift; sourceTree = "<group>"; };
		3070A2032E80C18100802515 /* Assets.xcassets */ = {isa = PBXFileReference; lastKnownFileType = folder.assetcatalog; path = Assets.xcassets; sourceTree = "<group>"; };
		3070A2062E80C18100802515 /* Preview Assets.xcassets */ = {isa = PBXFileReference; lastKnownFileType = folder.assetcatalog; path = "Preview Assets.xcassets"; sourceTree = "<group>"; };
		3070A2082E80C18100802515 /* PostmanLike.entitlements */ = {isa = PBXFileReference; lastKnownFileType = text.plist.entitlements; path = PostmanLike.entitlements; sourceTree = "<group>"; };
		3070A20E2E80C19000802515 /* Models.swift */ = {isa = PBXFileReference; lastKnownFileType = sourcecode.swift; path = Models.swift; sourceTree = "<group>"; };
		3070A2102E80C1AA00802515 /* AppState.swift */ = {isa = PBXFileReference; lastKnownFileType = sourcecode.swift; path = AppState.swift; sourceTree = "<group>"; };
		3070A2122E80C1EA00802515 /* SidebarView.swift */ = {isa = PBXFileReference; lastKnownFileType = sourcecode.swift; path = SidebarView.swift; sourceTree = "<group>"; };
		3070A2142E80C20300802515 /* RequestView.swift */ = {isa = PBXFileReference; lastKnownFileType = sourcecode.swift; path = RequestView.swift; sourceTree = "<group>"; };
		3070A2162E80C21600802515 /* ResponseView.swift */ = {isa = PBXFileReference; lastKnownFileType = sourcecode.swift; path = ResponseView.swift; sourceTree = "<group>"; };
		3070A21C2E80C23600802516 /* EnvironmentView.swift */ = {isa = PBXFileReference; lastKnownFileType = sourcecode.swift; path = EnvironmentView.swift; sourceTree = "<group>"; };
		3070A21E2E80C23600802518 /* MainView.swift */ = {isa = PBXFileReference; lastKnownFileType = sourcecode.swift; path = MainView.swift; sourceTree = "<group>"; };
/* End PBXFileReference section */

/* Begin PBXFrameworksBuildPhase section */
		3070A1F92E80C18000802515 /* Frameworks */ = {
			isa = PBXFrameworksBuildPhase;
			buildActionMask = 2147483647;
			files = (
			);
			runOnlyForDeploymentPostprocessing = 0;
		};
/* End PBXFrameworksBuildPhase section */

/* Begin PBXGroup section */
		3070A1F32E80C18000802515 = {
			isa = PBXGroup;
			children = (
				3070A1FE2E80C18000802515 /* PostmanLike */,
				3070A1FD2E80C18000802515 /* Products */,
			);
			sourceTree = "<group>";
		};
		3070A1FD2E80C18000802515 /* Products */ = {
			isa = PBXGroup;
			children = (
				3070A1FC2E80C18000802515 /* PostmanLike.app */,
			);
			name = Products;
			sourceTree = "<group>";
		};
		3070A1FE2E80C18000802515 /* PostmanLike */ = {
			isa = PBXGroup;
			children = (
				3070A1FF2E80C18000802515 /* PostmanLikeApp.swift */,
				3070A2012E80C18000802515 /* ContentView.swift */,
				3070A2032E80C18100802515 /* Assets.xcassets */,
				3070A2082E80C18100802515 /* PostmanLike.entitlements */,
				3070A2052E80C18100802515 /* Preview Content */,
				3070A20E2E80C19000802515 /* Models.swift */,
				3070A2102E80C1AA00802515 /* AppState.swift */,
				3070A2122E80C1EA00802515 /* SidebarView.swift */,
				3070A2142E80C20300802515 /* RequestView.swift */,
				3070A2162E80C21600802515 /* ResponseView.swift */,
				3070A21C2E80C23600802516 /* EnvironmentView.swift */,
				3070A21E2E80C23600802518 /* MainView.swift */,
				30272C902E81998F00BACF01 /* ProjectViews.swift */,
				30272C922E8199AE00BACF01 /* PostmanViews.swift */,
				30272C942E8199D100BACF01 /* EnvironmentViews.swift */,
			);
			path = PostmanLike;
			sourceTree = "<group>";
		};
		3070A2052E80C18100802515 /* Preview Content */ = {
			isa = PBXGroup;
			children = (
				3070A2062E80C18100802515 /* Preview Assets.xcassets */,
			);
			path = "Preview Content";
			sourceTree = "<group>";
		};
/* End PBXGroup section */

/* Begin PBXNativeTarget section */
		3070A1FB2E80C18000802515 /* PostmanLike */ = {
			isa = PBXNativeTarget;
			buildConfigurationList = 3070A20B2E80C18100802515 /* Build configuration list for PBXNativeTarget "PostmanLike" */;
			buildPhases = (
				3070A1F82E80C18000802515 /* Sources */,
				3070A1F92E80C18000802515 /* Frameworks */,
				3070A1FA2E80C18000802515 /* Resources */,
			);
			buildRules = (
			);
			dependencies = (
			);
			name = PostmanLike;
			productName = PostmanLike;
			productReference = 3070A1FC2E80C18000802515 /* PostmanLike.app */;
			productType = "com.apple.product-type.application";
		};
/* End PBXNativeTarget section */

/* Begin PBXProject section */
		3070A1F42E80C18000802515 /* Project object */ = {
			isa = PBXProject;
			attributes = {
				BuildIndependentTargetsInParallel = 1;
				LastSwiftUpdateCheck = 1520;
				LastUpgradeCheck = 1520;
				TargetAttributes = {
					3070A1FB2E80C18000802515 = {
						CreatedOnToolsVersion = 15.2;
					};
				};
			};
			buildConfigurationList = 3070A1F72E80C18000802515 /* Build configuration list for PBXProject "PostmanLike" */;
			compatibilityVersion = "Xcode 14.0";
			developmentRegion = en;
			hasScannedForEncodings = 0;
			knownRegions = (
				en,
				Base,
			);
			mainGroup = 3070A1F32E80C18000802515;
			productRefGroup = 3070A1FD2E80C18000802515 /* Products */;
			projectDirPath = "";
			projectRoot = "";
			targets = (
				3070A1FB2E80C18000802515 /* PostmanLike */,
			);
		};
/* End PBXProject section */

/* Begin PBXResourcesBuildPhase section */
		3070A1FA2E80C18000802515 /* Resources */ = {
			isa = PBXResourcesBuildPhase;
			buildActionMask = 2147483647;
			files = (
				3070A2072E80C18100802515 /* Preview Assets.xcassets in Resources */,
				3070A2042E80C18100802515 /* Assets.xcassets in Resources */,
			);
			runOnlyForDeploymentPostprocessing = 0;
		};
/* End PBXResourcesBuildPhase section */

/* Begin PBXSourcesBuildPhase section */
		3070A1F82E80C18000802515 /* Sources */ = {
			isa = PBXSourcesBuildPhase;
			buildActionMask = 2147483647;
			files = (
				30272C952E8199D100BACF01 /* EnvironmentViews.swift in Sources */,
				3070A20F2E80C19000802515 /* Models.swift in Sources */,
				3070A2172E80C21600802515 /* ResponseView.swift in Sources */,
				30272C912E81998F00BACF01 /* ProjectViews.swift in Sources */,
				3070A2022E80C18000802515 /* ContentView.swift in Sources */,
				3070A2152E80C20300802515 /* RequestView.swift in Sources */,
				3070A2132E80C1EA00802515 /* SidebarView.swift in Sources */,
				30272C932E8199AE00BACF01 /* PostmanViews.swift in Sources */,
				3070A2002E80C18000802515 /* PostmanLikeApp.swift in Sources */,
				3070A2112E80C1AA00802515 /* AppState.swift in Sources */,
				3070A21D2E80C23600802517 /* EnvironmentView.swift in Sources */,
				3070A21F2E80C23600802519 /* MainView.swift in Sources */,
			);
			runOnlyForDeploymentPostprocessing = 0;
		};
/* End PBXSourcesBuildPhase section */

/* Begin XCBuildConfiguration section */
		3070A2092E80C18100802515 /* Debug */ = {
			isa = XCBuildConfiguration;
			buildSettings = {
				ALWAYS_SEARCH_USER_PATHS = NO;
				ASSETCATALOG_COMPILER_GENERATE_SWIFT_ASSET_SYMBOL_EXTENSIONS = YES;
				CLANG_ANALYZER_NONNULL = YES;
				CLANG_ANALYZER_NUMBER_OBJECT_CONVERSION = YES_AGGRESSIVE;
				CLANG_CXX_LANGUAGE_STANDARD = "gnu++20";
				CLANG_ENABLE_MODULES = YES;
				CLANG_ENABLE_OBJC_ARC = YES;
				CLANG_ENABLE_OBJC_WEAK = YES;
				CLANG_WARN_BLOCK_CAPTURE_AUTORELEASING = YES;
				CLANG_WARN_BOOL_CONVERSION = YES;
				CLANG_WARN_COMMA = YES;
				CLANG_WARN_CONSTANT_CONVERSION = YES;
				CLANG_WARN_DEPRECATED_OBJC_IMPLEMENTATIONS = YES;
				CLANG_WARN_DIRECT_OBJC_ISA_USAGE = YES_ERROR;
				CLANG_WARN_DOCUMENTATION_COMMENTS = YES;
				CLANG_WARN_EMPTY_BODY = YES;
				CLANG_WARN_ENUM_CONVERSION = YES;
				CLANG_WARN_INFINITE_RECURSION = YES;
				CLANG_WARN_INT_CONVERSION = YES;
				CLANG_WARN_NON_LITERAL_NULL_CONVERSION = YES;
				CLANG_WARN_OBJC_IMPLICIT_RETAIN_SELF = YES;
				CLANG_WARN_OBJC_LITERAL_CONVERSION = YES;
				CLANG_WARN_OBJC_ROOT_CLASS = YES_ERROR;
				CLANG_WARN_QUOTED_INCLUDE_IN_FRAMEWORK_HEADER = YES;
				CLANG_WARN_RANGE_LOOP_ANALYSIS = YES;
				CLANG_WARN_STRICT_PROTOTYPES = YES;
				CLANG_WARN_SUSPICIOUS_MOVE = YES;
				CLANG_WARN_UNGUARDED_AVAILABILITY = YES_AGGRESSIVE;
				CLANG_WARN_UNREACHABLE_CODE = YES;
				CLANG_WARN__DUPLICATE_METHOD_MATCH = YES;
				COPY_PHASE_STRIP = NO;
				DEBUG_INFORMATION_FORMAT = dwarf;
				ENABLE_STRICT_OBJC_MSGSEND = YES;
				ENABLE_TESTABILITY = YES;
				ENABLE_USER_SCRIPT_SANDBOXING = YES;
				GCC_C_LANGUAGE_STANDARD = gnu17;
				GCC_DYNAMIC_NO_PIC = NO;
				GCC_NO_COMMON_BLOCKS = YES;
				GCC_OPTIMIZATION_LEVEL = 0;
				GCC_PREPROCESSOR_DEFINITIONS = (
					"DEBUG=1",
					"$(inherited)",
				);
				GCC_WARN_64_TO_32_BIT_CONVERSION = YES;
				GCC_WARN_ABOUT_RETURN_TYPE = YES_ERROR;
				GCC_WARN_UNDECLARED_SELECTOR = YES;
				GCC_WARN_UNINITIALIZED_AUTOS = YES_AGGRESSIVE;
				GCC_WARN_UNUSED_FUNCTION = YES;
				GCC_WARN_UNUSED_VARIABLE = YES;
				LOCALIZATION_PREFERS_STRING_CATALOGS = YES;
				MACOSX_DEPLOYMENT_TARGET = 13.6;
				MTL_ENABLE_DEBUG_INFO = INCLUDE_SOURCE;
				MTL_FAST_MATH = YES;
				ONLY_ACTIVE_ARCH = YES;
				SDKROOT = macosx;
				SWIFT_ACTIVE_COMPILATION_CONDITIONS = "DEBUG $(inherited)";
				SWIFT_OPTIMIZATION_LEVEL = "-Onone";
			};
			name = Debug;
		};
		3070A20A2E80C18100802515 /* Release */ = {
			isa = XCBuildConfiguration;
			buildSettings = {
				ALWAYS_SEARCH_USER_PATHS = NO;
				ASSETCATALOG_COMPILER_GENERATE_SWIFT_ASSET_SYMBOL_EXTENSIONS = YES;
				CLANG_ANALYZER_NONNULL = YES;
				CLANG_ANALYZER_NUMBER_OBJECT_CONVERSION = YES_AGGRESSIVE;
				CLANG_CXX_LANGUAGE_STANDARD = "gnu++20";
				CLANG_ENABLE_MODULES = YES;
				CLANG_ENABLE_OBJC_ARC = YES;
				CLANG_ENABLE_OBJC_WEAK = YES;
				CLANG_WARN_BLOCK_CAPTURE_AUTORELEASING = YES;
				CLANG_WARN_BOOL_CONVERSION = YES;
				CLANG_WARN_COMMA = YES;
				CLANG_WARN_CONSTANT_CONVERSION = YES;
				CLANG_WARN_DEPRECATED_OBJC_IMPLEMENTATIONS = YES;
				CLANG_WARN_DIRECT_OBJC_ISA_USAGE = YES_ERROR;
				CLANG_WARN_DOCUMENTATION_COMMENTS = YES;
				CLANG_WARN_EMPTY_BODY = YES;
				CLANG_WARN_ENUM_CONVERSION = YES;
				CLANG_WARN_INFINITE_RECURSION = YES;
				CLANG_WARN_INT_CONVERSION = YES;
				CLANG_WARN_NON_LITERAL_NULL_CONVERSION = YES;
				CLANG_WARN_OBJC_IMPLICIT_RETAIN_SELF = YES;
				CLANG_WARN_OBJC_LITERAL_CONVERSION = YES;
				CLANG_WARN_OBJC_ROOT_CLASS = YES_ERROR;
				CLANG_WARN_QUOTED_INCLUDE_IN_FRAMEWORK_HEADER = YES;
				CLANG_WARN_RANGE_LOOP_ANALYSIS = YES;
				CLANG_WARN_STRICT_PROTOTYPES = YES;
				CLANG_WARN_SUSPICIOUS_MOVE = YES;
				CLANG_WARN_UNGUARDED_AVAILABILITY = YES_AGGRESSIVE;
				CLANG_WARN_UNREACHABLE_CODE = YES;
				CLANG_WARN__DUPLICATE_METHOD_MATCH = YES;
				COPY_PHASE_STRIP = NO;
				DEBUG_INFORMATION_FORMAT = "dwarf-with-dsym";
				ENABLE_NS_ASSERTIONS = NO;
				ENABLE_STRICT_OBJC_MSGSEND = YES;
				ENABLE_USER_SCRIPT_SANDBOXING = YES;
				GCC_C_LANGUAGE_STANDARD = gnu17;
				GCC_NO_COMMON_BLOCKS = YES;
				GCC_WARN_64_TO_32_BIT_CONVERSION = YES;
				GCC_WARN_ABOUT_RETURN_TYPE = YES_ERROR;
				GCC_WARN_UNDECLARED_SELECTOR = YES;
				GCC_WARN_UNINITIALIZED_AUTOS = YES_AGGRESSIVE;
				GCC_WARN_UNUSED_FUNCTION = YES;
				GCC_WARN_UNUSED_VARIABLE = YES;
				LOCALIZATION_PREFERS_STRING_CATALOGS = YES;
				MACOSX_DEPLOYMENT_TARGET = 13.6;
				MTL_ENABLE_DEBUG_INFO = NO;
				MTL_FAST_MATH = YES;
				SDKROOT = macosx;
				SWIFT_COMPILATION_MODE = wholemodule;
			};
			name = Release;
		};
		3070A20C2E80C18100802515 /* Debug */ = {
			isa = XCBuildConfiguration;
			buildSettings = {
				ASSETCATALOG_COMPILER_APPICON_NAME = AppIcon;
				ASSETCATALOG_COMPILER_GLOBAL_ACCENT_COLOR_NAME = AccentColor;
				CODE_SIGN_ENTITLEMENTS = PostmanLike/PostmanLike.entitlements;
				"CODE_SIGN_IDENTITY[sdk=macosx*]" = "-";
				CODE_SIGN_STYLE = Automatic;
				COMBINE_HIDPI_IMAGES = YES;
				CURRENT_PROJECT_VERSION = 1;
				DEVELOPMENT_ASSET_PATHS = "\"PostmanLike/Preview Content\"";
				ENABLE_PREVIEWS = YES;
				GENERATE_INFOPLIST_FILE = YES;
				INFOPLIST_KEY_NSHumanReadableCopyright = "";
				LD_RUNPATH_SEARCH_PATHS = (
					"$(inherited)",
					"@executable_path/../Frameworks",
				);
				MARKETING_VERSION = 1.0;
				PRODUCT_BUNDLE_IDENTIFIER = labkita.my.id.PostmanLike;
				PRODUCT_NAME = "$(TARGET_NAME)";
				SWIFT_EMIT_LOC_STRINGS = YES;
				SWIFT_VERSION = 5.0;
			};
			name = Debug;
		};
		3070A20D2E80C18100802515 /* Release */ = {
			isa = XCBuildConfiguration;
			buildSettings = {
				ASSETCATALOG_COMPILER_APPICON_NAME = AppIcon;
				ASSETCATALOG_COMPILER_GLOBAL_ACCENT_COLOR_NAME = AccentColor;
				CODE_SIGN_ENTITLEMENTS = PostmanLike/PostmanLike.entitlements;
				"CODE_SIGN_IDENTITY[sdk=macosx*]" = "-";
				CODE_SIGN_STYLE = Automatic;
				COMBINE_HIDPI_IMAGES = YES;
				CURRENT_PROJECT_VERSION = 1;
				DEVELOPMENT_ASSET_PATHS = "\"PostmanLike/Preview Content\"";
				ENABLE_PREVIEWS = YES;
				GENERATE_INFOPLIST_FILE = YES;
				INFOPLIST_KEY_NSHumanReadableCopyright = "";
				LD_RUNPATH_SEARCH_PATHS = (
					"$(inherited)",
					"@executable_path/../Frameworks",
				);
				MARKETING_VERSION = 1.0;
				PRODUCT_BUNDLE_IDENTIFIER = labkita.my.id.PostmanLike;
				PRODUCT_NAME = "$(TARGET_NAME)";
				SWIFT_EMIT_LOC_STRINGS = YES;
				SWIFT_VERSION = 5.0;
			};
			name = Release;
		};
/* End XCBuildConfiguration section */

/* Begin XCConfigurationList section */
		3070A1F72E80C18000802515 /* Build configuration list for PBXProject "PostmanLike" */ = {
			isa = XCConfigurationList;
			buildConfigurations = (
				3070A2092E80C18100802515 /* Debug */,
				3070A20A2E80C18100802515 /* Release */,
			);
			defaultConfigurationIsVisible = 0;
			defaultConfigurationName = Release;
		};
		3070A20B2E80C18100802515 /* Build configuration list for PBXNativeTarget "PostmanLike" */ = {
			isa = XCConfigurationList;
			buildConfigurations = (
				3070A20C2E80C18100802515 /* Debug */,
				3070A20D2E80C18100802515 /* Release */,
			);
			defaultConfigurationIsVisible = 0;
			defaultConfigurationName = Release;
		};
/* End XCConfigurationList section */
	};
	rootObject = 3070A1F42E80C18000802515 /* Project object */;
}
